
Microsoft Visual Studio Solution File, Format Version 12.00
# Visual Studio Version 17
VisualStudioVersion = 17.14.36414.22 d17.14
MinimumVisualStudioVersion = 10.0.40219.1
Project("{FAE04EC0-301F-11D3-BF4B-00C04F79EFBC}") = "CursoCSharp", "CursoCSharp\CursoCSharp.csproj", "{86E57FEB-FC70-46E9-95B4-596F916BE551}"
EndProject
Project("{FAE04EC0-301F-11D3-BF4B-00C04F79EFBC}") = "Courses", "Courses\Courses.csproj", "{4A33EC10-EAA1-48EE-AEC2-D5A3696FB366}"
EndProject
Project("{FAE04EC0-301F-11D3-BF4B-00C04F79EFBC}") = "ExercicioFixacao", "ExercicioFixacao\ExercicioFixacao.csproj", "{6792E2C2-E405-4E37-A6FC-C065E08A0E54}"
EndProject
Project("{FAE04EC0-301F-11D3-BF4B-00C04F79EFBC}") = "OperadoresAtribuicao", "OperadoresAtribuicao\OperadoresAtribuicao.csproj", "{B7CB383E-55B0-4138-8521-D8CDE439F2AB}"
EndProject
Project("{FAE04EC0-301F-11D3-BF4B-00C04F79EFBC}") = "ConversaoImplicitaECasting", "ConversaoImplicitaECasting\ConversaoImplicitaECasting.csproj", "{7C6DC8C4-58E1-4FE4-966B-C3DF6532150C}"
EndProject
Project("{FAE04EC0-301F-11D3-BF4B-00C04F79EFBC}") = "EntradaDeDados", "EntradaDeDados\EntradaDeDados.csproj", "{6FACDB91-C629-4777-82C6-C0A8DC6D3CFE}"
EndProject
Global
	GlobalSection(SolutionConfigurationPlatforms) = preSolution
		Debug|Any CPU = Debug|Any CPU
		Release|Any CPU = Release|Any CPU
	EndGlobalSection
	GlobalSection(ProjectConfigurationPlatforms) = postSolution
		{86E57FEB-FC70-46E9-95B4-596F916BE551}.Debug|Any CPU.ActiveCfg = Debug|Any CPU
		{86E57FEB-FC70-46E9-95B4-596F916BE551}.Debug|Any CPU.Build.0 = Debug|Any CPU
		{86E57FEB-FC70-46E9-95B4-596F916BE551}.Release|Any CPU.ActiveCfg = Release|Any CPU
		{86E57FEB-FC70-46E9-95B4-596F916BE551}.Release|Any CPU.Build.0 = Release|Any CPU
		{4A33EC10-EAA1-48EE-AEC2-D5A3696FB366}.Debug|Any CPU.ActiveCfg = Debug|Any CPU
		{4A33EC10-EAA1-48EE-AEC2-D5A3696FB366}.Debug|Any CPU.Build.0 = Debug|Any CPU
		{4A33EC10-EAA1-48EE-AEC2-D5A3696FB366}.Release|Any CPU.ActiveCfg = Release|Any CPU
		{4A33EC10-EAA1-48EE-AEC2-D5A3696FB366}.Release|Any CPU.Build.0 = Release|Any CPU
		{6792E2C2-E405-4E37-A6FC-C065E08A0E54}.Debug|Any CPU.ActiveCfg = Debug|Any CPU
		{6792E2C2-E405-4E37-A6FC-C065E08A0E54}.Debug|Any CPU.Build.0 = Debug|Any CPU
		{6792E2C2-E405-4E37-A6FC-C065E08A0E54}.Release|Any CPU.ActiveCfg = Release|Any CPU
		{6792E2C2-E405-4E37-A6FC-C065E08A0E54}.Release|Any CPU.Build.0 = Release|Any CPU
		{B7CB383E-55B0-4138-8521-D8CDE439F2AB}.Debug|Any CPU.ActiveCfg = Debug|Any CPU
		{B7CB383E-55B0-4138-8521-D8CDE439F2AB}.Debug|Any CPU.Build.0 = Debug|Any CPU
		{B7CB383E-55B0-4138-8521-D8CDE439F2AB}.Release|Any CPU.ActiveCfg = Release|Any CPU
		{B7CB383E-55B0-4138-8521-D8CDE439F2AB}.Release|Any CPU.Build.0 = Release|Any CPU
		{7C6DC8C4-58E1-4FE4-966B-C3DF6532150C}.Debug|Any CPU.ActiveCfg = Debug|Any CPU
		{7C6DC8C4-58E1-4FE4-966B-C3DF6532150C}.Debug|Any CPU.Build.0 = Debug|Any CPU
		{7C6DC8C4-58E1-4FE4-966B-C3DF6532150C}.Release|Any CPU.ActiveCfg = Release|Any CPU
		{7C6DC8C4-58E1-4FE4-966B-C3DF6532150C}.Release|Any CPU.Build.0 = Release|Any CPU
		{6FACDB91-C629-4777-82C6-C0A8DC6D3CFE}.Debug|Any CPU.ActiveCfg = Debug|Any CPU
		{6FACDB91-C629-4777-82C6-C0A8DC6D3CFE}.Debug|Any CPU.Build.0 = Debug|Any CPU
		{6FACDB91-C629-4777-82C6-C0A8DC6D3CFE}.Release|Any CPU.ActiveCfg = Release|Any CPU
		{6FACDB91-C629-4777-82C6-C0A8DC6D3CFE}.Release|Any CPU.Build.0 = Release|Any CPU
	EndGlobalSection
	GlobalSection(SolutionProperties) = preSolution
		HideSolutionNode = FALSE
	EndGlobalSection
	GlobalSection(ExtensibilityGlobals) = postSolution
		SolutionGuid = {08B19953-8A6C-45D1-96BA-189E64FE817E}
	EndGlobalSection
EndGlobal
